PODS:
  - DLCImagePickerController (0.0.1):
    - DLCImagePickerController/Core
    - DLCImagePickerController/FilterSamples
  - DLCImagePickerController/Core (0.0.1):
    - GPUImage
  - DLCImagePickerController/FilterSamples (0.0.1)
  - GPUImage (0.1.4)

DEPENDENCIES:
  - DLCImagePickerController

SPEC CHECKSUMS:
  DLCImagePickerController: 8a30b7649def913f79e0fcea156bf62512d127c8
  GPUImage: f9b32e12350792a630e596ffc7b050bea3662670

COCOAPODS: 0.32.1
