PODS:
  - DLCImagePickerController (0.0.1):
    - DLCImagePickerController/Core
    - DLCImagePickerController/FilterSamples
  - DLCImagePickerController/Core (0.0.1):
    - GPUImage
  - DLCImagePickerController/FilterSamples (0.0.1)
  - GPUImage (0.1.1)
  - MRProgress (0.4.1):
    - MRProgress/ActivityIndicator
    - MRProgress/Blur
    - MRProgress/Circular
    - MRProgress/Helper
    - MRProgress/Icons
    - MRProgress/MessageInterceptor
    - MRProgress/NavigationBarProgress
    - MRProgress/Overlay
    - MRProgress/Stopable
    - MRProgress/WeakProxy
  - MRProgress/ActivityIndicator (0.4.1):
    - MRProgress/Stopable
  - MRProgress/Blur (0.4.1):
    - MRProgress/Helper
  - MRProgress/Circular (0.4.1):
    - MRProgress/Helper
    - MRProgress/Stopable
  - MRProgress/Helper (0.4.1)
  - MRProgress/Icons (0.4.1)
  - MRProgress/MessageInterceptor (0.4.1)
  - MRProgress/NavigationBarProgress (0.4.1):
    - MRProgress/MessageInterceptor
  - MRProgress/Overlay (0.4.1):
    - MRProgress/ActivityIndicator
    - MRProgress/Blur
    - MRProgress/Circular
    - MRProgress/Helper
    - MRProgress/Icons
  - MRProgress/Stopable (0.4.1):
    - MRProgress/Helper
  - MRProgress/WeakProxy (0.4.1)

DEPENDENCIES:
  - DLCImagePickerController
  - GPUImage (= 0.1.1)
  - MRProgress

SPEC CHECKSUMS:
  DLCImagePickerController: 8a30b7649def913f79e0fcea156bf62512d127c8
  GPUImage: b9840114a0ad0323801c2e0aa2752679057f808d
  MRProgress: 6530ce71278dd7ecfb5e3c3e37df03a323690936

COCOAPODS: 0.32.1
